
Microsoft Visual Studio Solution File, Format Version 12.00
# Visual Studio 14
VisualStudioVersion = 14.0.25420.1
MinimumVisualStudioVersion = 10.0.40219.1
Project("{FAE04EC0-301F-11D3-BF4B-00C04F79EFBC}") = "干部在线学习助手", "干部在线学习助手.csproj", "{935DD9E8-91F5-4F71-8C21-865F25289BDB}"
EndProject
Global
	GlobalSection(SolutionConfigurationPlatforms) = preSolution
		Debug|Any CPU = Debug|Any CPU
		Release|Any CPU = Release|Any CPU
	EndGlobalSection
	GlobalSection(ProjectConfigurationPlatforms) = postSolution
		{935DD9E8-91F5-4F71-8C21-865F25289BDB}.Debug|Any CPU.ActiveCfg = Debug|Any CPU
		{935DD9E8-91F5-4F71-8C21-865F25289BDB}.Debug|Any CPU.Build.0 = Debug|Any CPU
		{935DD9E8-91F5-4F71-8C21-865F25289BDB}.Release|Any CPU.ActiveCfg = Release|Any CPU
		{935DD9E8-91F5-4F71-8C21-865F25289BDB}.Release|Any CPU.Build.0 = Release|Any CPU
	EndGlobalSection
	GlobalSection(SolutionProperties) = preSolution
		HideSolutionNode = FALSE
	EndGlobalSection
EndGlobal
